// !$*UTF8*$!
{
	archiveVersion = 1;
	classes = {
	};
	objectVersion = 77;
	objects = {

/* Begin PBXContainerItemProxy section */
		FD7956062E1271D4002E0D37 /* PBXContainerItemProxy */ = {
			isa = PBXContainerItemProxy;
			containerPortal = FD7955F02E1271D3002E0D37 /* Project object */;
			proxyType = 1;
			remoteGlobalIDString = FD7955F72E1271D3002E0D37;
			remoteInfo = MaCofoProject;
		};
		FD7956102E1271D4002E0D37 /* PBXContainerItemProxy */ = {
			isa = PBXContainerItemProxy;
			containerPortal = FD7955F02E1271D3002E0D37 /* Project object */;
			proxyType = 1;
			remoteGlobalIDString = FD7955F72E1271D3002E0D37;
			remoteInfo = MaCofoProject;
		};
/* End PBXContainerItemProxy section */

/* Begin PBXFileReference section */
		FD7955F82E1271D3002E0D37 /* MaCofoProject.app */ = {isa = PBXFileReference; explicitFileType = wrapper.application; includeInIndex = 0; path = MaCofoProject.app; sourceTree = BUILT_PRODUCTS_DIR; };
		FD7956052E1271D4002E0D37 /* MaCofoProjectTests.xctest */ = {isa = PBXFileReference; explicitFileType = wrapper.cfbundle; includeInIndex = 0; path = MaCofoProjectTests.xctest; sourceTree = BUILT_PRODUCTS_DIR; };
		FD79560F2E1271D4002E0D37 /* MaCofoProjectUITests.xctest */ = {isa = PBXFileReference; explicitFileType = wrapper.cfbundle; includeInIndex = 0; path = MaCofoProjectUITests.xctest; sourceTree = BUILT_PRODUCTS_DIR; };
/* End PBXFileReference section */

/* Begin PBXFileSystemSynchronizedBuildFileExceptionSet section */
		FD70CE4F2E13D42500ADBB06 /* Exceptions for "MaCofoProject" folder in "MaCofoProject" target */ = {
			isa = PBXFileSystemSynchronizedBuildFileExceptionSet;
			membershipExceptions = (
				Info.plist,
			);
			target = FD7955F72E1271D3002E0D37 /* MaCofoProject */;
		};
/* End PBXFileSystemSynchronizedBuildFileExceptionSet section */

/* Begin PBXFileSystemSynchronizedRootGroup section */
		FD7955FA2E1271D3002E0D37 /* MaCofoProject */ = {
			isa = PBXFileSystemSynchronizedRootGroup;
			exceptions = (
				FD70CE4F2E13D42500ADBB06 /* Exceptions for "MaCofoProject" folder in "MaCofoProject" target */,
			);
			path = MaCofoProject;
			sourceTree = "<group>";
		};
		FD7956082E1271D4002E0D37 /* MaCofoProjectTests */ = {
			isa = PBXFileSystemSynchronizedRootGroup;
			path = MaCofoProjectTests;
			sourceTree = "<group>";
		};
		FD7956122E1271D4002E0D37 /* MaCofoProjectUITests */ = {
			isa = PBXFileSystemSynchronizedRootGroup;
			path = MaCofoProjectUITests;
			sourceTree = "<group>";
		};
/* End PBXFileSystemSynchronizedRootGroup section */

/* Begin PBXFrameworksBuildPhase section */
		FD7955F52E1271D3002E0D37 /* Frameworks */ = {
			isa = PBXFrameworksBuildPhase;
			buildActionMask = 2147483647;
			files = (
			);
			runOnlyForDeploymentPostprocessing = 0;
		};
		FD7956022E1271D4002E0D37 /* Frameworks */ = {
			isa = PBXFrameworksBuildPhase;
			buildActionMask = 2147483647;
			files = (
			);
			runOnlyForDeploymentPostprocessing = 0;
		};
		FD79560C2E1271D4002E0D37 /* Frameworks */ = {
			isa = PBXFrameworksBuildPhase;
			buildActionMask = 2147483647;
			files = (
			);
			runOnlyForDeploymentPostprocessing = 0;
		};
/* End PBXFrameworksBuildPhase section */

/* Begin PBXGroup section */
		FD7955EF2E1271D3002E0D37 = {
			isa = PBXGroup;
			children = (
				FD7955FA2E1271D3002E0D37 /* MaCofoProject */,
				FD7956082E1271D4002E0D37 /* MaCofoProjectTests */,
				FD7956122E1271D4002E0D37 /* MaCofoProjectUITests */,
				FD7955F92E1271D3002E0D37 /* Products */,
			);
			sourceTree = "<group>";
		};
		FD7955F92E1271D3002E0D37 /* Products */ = {
			isa = PBXGroup;
			children = (
				FD7955F82E1271D3002E0D37 /* MaCofoProject.app */,
				FD7956052E1271D4002E0D37 /* MaCofoProjectTests.xctest */,
				FD79560F2E1271D4002E0D37 /* MaCofoProjectUITests.xctest */,
			);
			name = Products;
			sourceTree = "<group>";
		};
/* End PBXGroup section */

/* Begin PBXNativeTarget section */
		FD7955F72E1271D3002E0D37 /* MaCofoProject */ = {
			isa = PBXNativeTarget;
			buildConfigurationList = FD7956192E1271D4002E0D37 /* Build configuration list for PBXNativeTarget "MaCofoProject" */;
			buildPhases = (
				FD7955F42E1271D3002E0D37 /* Sources */,
				FD7955F52E1271D3002E0D37 /* Frameworks */,
				FD7955F62E1271D3002E0D37 /* Resources */,
			);
			buildRules = (
			);
			dependencies = (
			);
			fileSystemSynchronizedGroups = (
				FD7955FA2E1271D3002E0D37 /* MaCofoProject */,
			);
			name = MaCofoProject;
			packageProductDependencies = (
			);
			productName = MaCofoProject;
			productReference = FD7955F82E1271D3002E0D37 /* MaCofoProject.app */;
			productType = "com.apple.product-type.application";
		};
		FD7956042E1271D4002E0D37 /* MaCofoProjectTests */ = {
			isa = PBXNativeTarget;
			buildConfigurationList = FD79561C2E1271D4002E0D37 /* Build configuration list for PBXNativeTarget "MaCofoProjectTests" */;
			buildPhases = (
				FD7956012E1271D4002E0D37 /* Sources */,
				FD7956022E1271D4002E0D37 /* Frameworks */,
				FD7956032E1271D4002E0D37 /* Resources */,
			);
			buildRules = (
			);
			dependencies = (
				FD7956072E1271D4002E0D37 /* PBXTargetDependency */,
			);
			fileSystemSynchronizedGroups = (
				FD7956082E1271D4002E0D37 /* MaCofoProjectTests */,
			);
			name = MaCofoProjectTests;
			packageProductDependencies = (
			);
			productName = MaCofoProjectTests;
			productReference = FD7956052E1271D4002E0D37 /* MaCofoProjectTests.xctest */;
			productType = "com.apple.product-type.bundle.unit-test";
		};
		FD79560E2E1271D4002E0D37 /* MaCofoProjectUITests */ = {
			isa = PBXNativeTarget;
			buildConfigurationList = FD79561F2E1271D4002E0D37 /* Build configuration list for PBXNativeTarget "MaCofoProjectUITests" */;
			buildPhases = (
				FD79560B2E1271D4002E0D37 /* Sources */,
				FD79560C2E1271D4002E0D37 /* Frameworks */,
				FD79560D2E1271D4002E0D37 /* Resources */,
			);
			buildRules = (
			);
			dependencies = (
				FD7956112E1271D4002E0D37 /* PBXTargetDependency */,
			);
			fileSystemSynchronizedGroups = (
				FD7956122E1271D4002E0D37 /* MaCofoProjectUITests */,
			);
			name = MaCofoProjectUITests;
			packageProductDependencies = (
			);
			productName = MaCofoProjectUITests;
			productReference = FD79560F2E1271D4002E0D37 /* MaCofoProjectUITests.xctest */;
			productType = "com.apple.product-type.bundle.ui-testing";
		};
/* End PBXNativeTarget section */

/* Begin PBXProject section */
		FD7955F02E1271D3002E0D37 /* Project object */ = {
			isa = PBXProject;
			attributes = {
				BuildIndependentTargetsInParallel = 1;
				LastSwiftUpdateCheck = 1640;
				LastUpgradeCheck = 1640;
				TargetAttributes = {
					FD7955F72E1271D3002E0D37 = {
						CreatedOnToolsVersion = 16.4;
					};
					FD7956042E1271D4002E0D37 = {
						CreatedOnToolsVersion = 16.4;
						TestTargetID = FD7955F72E1271D3002E0D37;
					};
					FD79560E2E1271D4002E0D37 = {
						CreatedOnToolsVersion = 16.4;
						TestTargetID = FD7955F72E1271D3002E0D37;
					};
				};
			};
			buildConfigurationList = FD7955F32E1271D3002E0D37 /* Build configuration list for PBXProject "MaCofoProject" */;
			developmentRegion = en;
			hasScannedForEncodings = 0;
			knownRegions = (
				en,
				Base,
			);
			mainGroup = FD7955EF2E1271D3002E0D37;
			minimizedProjectReferenceProxies = 1;
			preferredProjectObjectVersion = 77;
			productRefGroup = FD7955F92E1271D3002E0D37 /* Products */;
			projectDirPath = "";
			projectRoot = "";
			targets = (
				FD7955F72E1271D3002E0D37 /* MaCofoProject */,
				FD7956042E1271D4002E0D37 /* MaCofoProjectTests */,
				FD79560E2E1271D4002E0D37 /* MaCofoProjectUITests */,
			);
		};
/* End PBXProject section */

/* Begin PBXResourcesBuildPhase section */
		FD7955F62E1271D3002E0D37 /* Resources */ = {
			isa = PBXResourcesBuildPhase;
			buildActionMask = 2147483647;
			files = (
			);
			runOnlyForDeploymentPostprocessing = 0;
		};
		FD7956032E1271D4002E0D37 /* Resources */ = {
			isa = PBXResourcesBuildPhase;
			buildActionMask = 2147483647;
			files = (
			);
			runOnlyForDeploymentPostprocessing = 0;
		};
		FD79560D2E1271D4002E0D37 /* Resources */ = {
			isa = PBXResourcesBuildPhase;
			buildActionMask = 2147483647;
			files = (
			);
			runOnlyForDeploymentPostprocessing = 0;
		};
/* End PBXResourcesBuildPhase section */

/* Begin PBXSourcesBuildPhase section */
		FD7955F42E1271D3002E0D37 /* Sources */ = {
			isa = PBXSourcesBuildPhase;
			buildActionMask = 2147483647;
			files = (
			);
			runOnlyForDeploymentPostprocessing = 0;
		};
		FD7956012E1271D4002E0D37 /* Sources */ = {
			isa = PBXSourcesBuildPhase;
			buildActionMask = 2147483647;
			files = (
			);
			runOnlyForDeploymentPostprocessing = 0;
		};
		FD79560B2E1271D4002E0D37 /* Sources */ = {
			isa = PBXSourcesBuildPhase;
			buildActionMask = 2147483647;
			files = (
			);
			runOnlyForDeploymentPostprocessing = 0;
		};
/* End PBXSourcesBuildPhase section */

/* Begin PBXTargetDependency section */
		FD7956072E1271D4002E0D37 /* PBXTargetDependency */ = {
			isa = PBXTargetDependency;
			target = FD7955F72E1271D3002E0D37 /* MaCofoProject */;
			targetProxy = FD7956062E1271D4002E0D37 /* PBXContainerItemProxy */;
		};
		FD7956112E1271D4002E0D37 /* PBXTargetDependency */ = {
			isa = PBXTargetDependency;
			target = FD7955F72E1271D3002E0D37 /* MaCofoProject */;
			targetProxy = FD7956102E1271D4002E0D37 /* PBXContainerItemProxy */;
		};
/* End PBXTargetDependency section */

/* Begin XCBuildConfiguration section */
		FD7956172E1271D4002E0D37 /* Debug */ = {
			isa = XCBuildConfiguration;
			buildSettings = {
				ALWAYS_SEARCH_USER_PATHS = NO;
				ASSETCATALOG_COMPILER_GENERATE_SWIFT_ASSET_SYMBOL_EXTENSIONS = YES;
				CLANG_ANALYZER_NONNULL = YES;
				CLANG_ANALYZER_NUMBER_OBJECT_CONVERSION = YES_AGGRESSIVE;
				CLANG_CXX_LANGUAGE_STANDARD = "gnu++20";
				CLANG_ENABLE_MODULES = YES;
				CLANG_ENABLE_OBJC_ARC = YES;
				CLANG_ENABLE_OBJC_WEAK = YES;
				CLANG_WARN_BLOCK_CAPTURE_AUTORELEASING = YES;
				CLANG_WARN_BOOL_CONVERSION = YES;
				CLANG_WARN_COMMA = YES;
				CLANG_WARN_CONSTANT_CONVERSION = YES;
				CLANG_WARN_DEPRECATED_OBJC_IMPLEMENTATIONS = YES;
				CLANG_WARN_DIRECT_OBJC_ISA_USAGE = YES_ERROR;
				CLANG_WARN_DOCUMENTATION_COMMENTS = YES;
				CLANG_WARN_EMPTY_BODY = YES;
				CLANG_WARN_ENUM_CONVERSION = YES;
				CLANG_WARN_INFINITE_RECURSION = YES;
				CLANG_WARN_INT_CONVERSION = YES;
				CLANG_WARN_NON_LITERAL_NULL_CONVERSION = YES;
				CLANG_WARN_OBJC_IMPLICIT_RETAIN_SELF = YES;
				CLANG_WARN_OBJC_LITERAL_CONVERSION = YES;
				CLANG_WARN_OBJC_ROOT_CLASS = YES_ERROR;
				CLANG_WARN_QUOTED_INCLUDE_IN_FRAMEWORK_HEADER = YES;
				CLANG_WARN_RANGE_LOOP_ANALYSIS = YES;
				CLANG_WARN_STRICT_PROTOTYPES = YES;
				CLANG_WARN_SUSPICIOUS_MOVE = YES;
				CLANG_WARN_UNGUARDED_AVAILABILITY = YES_AGGRESSIVE;
				CLANG_WARN_UNREACHABLE_CODE = YES;
				CLANG_WARN__DUPLICATE_METHOD_MATCH = YES;
				COPY_PHASE_STRIP = NO;
				DEBUG_INFORMATION_FORMAT = dwarf;
				ENABLE_STRICT_OBJC_MSGSEND = YES;
				ENABLE_TESTABILITY = YES;
				ENABLE_USER_SCRIPT_SANDBOXING = YES;
				GCC_C_LANGUAGE_STANDARD = gnu17;
				GCC_DYNAMIC_NO_PIC = NO;
				GCC_NO_COMMON_BLOCKS = YES;
				GCC_OPTIMIZATION_LEVEL = 0;
				GCC_PREPROCESSOR_DEFINITIONS = (
					"DEBUG=1",
					"$(inherited)",
				);
				GCC_WARN_64_TO_32_BIT_CONVERSION = YES;
				GCC_WARN_ABOUT_RETURN_TYPE = YES_ERROR;
				GCC_WARN_UNDECLARED_SELECTOR = YES;
				GCC_WARN_UNINITIALIZED_AUTOS = YES_AGGRESSIVE;
				GCC_WARN_UNUSED_FUNCTION = YES;
				GCC_WARN_UNUSED_VARIABLE = YES;
				IPHONEOS_DEPLOYMENT_TARGET = 18.5;
				LOCALIZATION_PREFERS_STRING_CATALOGS = YES;
				MTL_ENABLE_DEBUG_INFO = INCLUDE_SOURCE;
				MTL_FAST_MATH = YES;
				ONLY_ACTIVE_ARCH = YES;
				SDKROOT = iphoneos;
				SWIFT_ACTIVE_COMPILATION_CONDITIONS = "DEBUG $(inherited)";
				SWIFT_OPTIMIZATION_LEVEL = "-Onone";
			};
			name = Debug;
		};
		FD7956182E1271D4002E0D37 /* Release */ = {
			isa = XCBuildConfiguration;
			buildSettings = {
				ALWAYS_SEARCH_USER_PATHS = NO;
				ASSETCATALOG_COMPILER_GENERATE_SWIFT_ASSET_SYMBOL_EXTENSIONS = YES;
				CLANG_ANALYZER_NONNULL = YES;
				CLANG_ANALYZER_NUMBER_OBJECT_CONVERSION = YES_AGGRESSIVE;
				CLANG_CXX_LANGUAGE_STANDARD = "gnu++20";
				CLANG_ENABLE_MODULES = YES;
				CLANG_ENABLE_OBJC_ARC = YES;
				CLANG_ENABLE_OBJC_WEAK = YES;
				CLANG_WARN_BLOCK_CAPTURE_AUTORELEASING = YES;
				CLANG_WARN_BOOL_CONVERSION = YES;
				CLANG_WARN_COMMA = YES;
				CLANG_WARN_CONSTANT_CONVERSION = YES;
				CLANG_WARN_DEPRECATED_OBJC_IMPLEMENTATIONS = YES;
				CLANG_WARN_DIRECT_OBJC_ISA_USAGE = YES_ERROR;
				CLANG_WARN_DOCUMENTATION_COMMENTS = YES;
				CLANG_WARN_EMPTY_BODY = YES;
				CLANG_WARN_ENUM_CONVERSION = YES;
				CLANG_WARN_INFINITE_RECURSION = YES;
				CLANG_WARN_INT_CONVERSION = YES;
				CLANG_WARN_NON_LITERAL_NULL_CONVERSION = YES;
				CLANG_WARN_OBJC_IMPLICIT_RETAIN_SELF = YES;
				CLANG_WARN_OBJC_LITERAL_CONVERSION = YES;
				CLANG_WARN_OBJC_ROOT_CLASS = YES_ERROR;
				CLANG_WARN_QUOTED_INCLUDE_IN_FRAMEWORK_HEADER = YES;
				CLANG_WARN_RANGE_LOOP_ANALYSIS = YES;
				CLANG_WARN_STRICT_PROTOTYPES = YES;
				CLANG_WARN_SUSPICIOUS_MOVE = YES;
				CLANG_WARN_UNGUARDED_AVAILABILITY = YES_AGGRESSIVE;
				CLANG_WARN_UNREACHABLE_CODE = YES;
				CLANG_WARN__DUPLICATE_METHOD_MATCH = YES;
				COPY_PHASE_STRIP = NO;
				DEBUG_INFORMATION_FORMAT = "dwarf-with-dsym";
				ENABLE_NS_ASSERTIONS = NO;
				ENABLE_STRICT_OBJC_MSGSEND = YES;
				ENABLE_USER_SCRIPT_SANDBOXING = YES;
				GCC_C_LANGUAGE_STANDARD = gnu17;
				GCC_NO_COMMON_BLOCKS = YES;
				GCC_WARN_64_TO_32_BIT_CONVERSION = YES;
				GCC_WARN_ABOUT_RETURN_TYPE = YES_ERROR;
				GCC_WARN_UNDECLARED_SELECTOR = YES;
				GCC_WARN_UNINITIALIZED_AUTOS = YES_AGGRESSIVE;
				GCC_WARN_UNUSED_FUNCTION = YES;
				GCC_WARN_UNUSED_VARIABLE = YES;
				IPHONEOS_DEPLOYMENT_TARGET = 18.5;
				LOCALIZATION_PREFERS_STRING_CATALOGS = YES;
				MTL_ENABLE_DEBUG_INFO = NO;
				MTL_FAST_MATH = YES;
				SDKROOT = iphoneos;
				SWIFT_COMPILATION_MODE = wholemodule;
				VALIDATE_PRODUCT = YES;
			};
			name = Release;
		};
		FD79561A2E1271D4002E0D37 /* Debug */ = {
			isa = XCBuildConfiguration;
			buildSettings = {
				ASSETCATALOG_COMPILER_APPICON_NAME = AppIcon;
				ASSETCATALOG_COMPILER_GLOBAL_ACCENT_COLOR_NAME = AccentColor;
				CODE_SIGN_STYLE = Automatic;
				CURRENT_PROJECT_VERSION = 1;
				ENABLE_PREVIEWS = YES;
				GENERATE_INFOPLIST_FILE = YES;
				INFOPLIST_FILE = MaCofoProject/Info.plist;
				INFOPLIST_KEY_UIApplicationSceneManifest_Generation = YES;
				INFOPLIST_KEY_UIApplicationSupportsIndirectInputEvents = YES;
				INFOPLIST_KEY_UILaunchScreen_Generation = YES;
				INFOPLIST_KEY_UISupportedInterfaceOrientations_iPad = "UIInterfaceOrientationPortrait UIInterfaceOrientationPortraitUpsideDown UIInterfaceOrientationLandscapeLeft UIInterfaceOrientationLandscapeRight";
				INFOPLIST_KEY_UISupportedInterfaceOrientations_iPhone = "UIInterfaceOrientationPortrait UIInterfaceOrientationLandscapeLeft UIInterfaceOrientationLandscapeRight";
				LD_RUNPATH_SEARCH_PATHS = (
					"$(inherited)",
					"@executable_path/Frameworks",
				);
				MARKETING_VERSION = 1.0;
				PRODUCT_BUNDLE_IDENTIFIER = com.MaCoFo.MaCofoProject;
				PRODUCT_NAME = "$(TARGET_NAME)";
				SWIFT_EMIT_LOC_STRINGS = YES;
				SWIFT_VERSION = 5.0;
				TARGETED_DEVICE_FAMILY = "1,2";
			};
			name = Debug;
		};
		FD79561B2E1271D4002E0D37 /* Release */ = {
			isa = XCBuildConfiguration;
			buildSettings = {
				ASSETCATALOG_COMPILER_APPICON_NAME = AppIcon;
				ASSETCATALOG_COMPILER_GLOBAL_ACCENT_COLOR_NAME = AccentColor;
				CODE_SIGN_STYLE = Automatic;
				CURRENT_PROJECT_VERSION = 1;
				ENABLE_PREVIEWS = YES;
				GENERATE_INFOPLIST_FILE = YES;
				INFOPLIST_FILE = MaCofoProject/Info.plist;
				INFOPLIST_KEY_UIApplicationSceneManifest_Generation = YES;
				INFOPLIST_KEY_UIApplicationSupportsIndirectInputEvents = YES;
				INFOPLIST_KEY_UILaunchScreen_Generation = YES;
				INFOPLIST_KEY_UISupportedInterfaceOrientations_iPad = "UIInterfaceOrientationPortrait UIInterfaceOrientationPortraitUpsideDown UIInterfaceOrientationLandscapeLeft UIInterfaceOrientationLandscapeRight";
				INFOPLIST_KEY_UISupportedInterfaceOrientations_iPhone = "UIInterfaceOrientationPortrait UIInterfaceOrientationLandscapeLeft UIInterfaceOrientationLandscapeRight";
				LD_RUNPATH_SEARCH_PATHS = (
					"$(inherited)",
					"@executable_path/Frameworks",
				);
				MARKETING_VERSION = 1.0;
				PRODUCT_BUNDLE_IDENTIFIER = com.MaCoFo.MaCofoProject;
				PRODUCT_NAME = "$(TARGET_NAME)";
				SWIFT_EMIT_LOC_STRINGS = YES;
				SWIFT_VERSION = 5.0;
				TARGETED_DEVICE_FAMILY = "1,2";
			};
			name = Release;
		};
		FD79561D2E1271D4002E0D37 /* Debug */ = {
			isa = XCBuildConfiguration;
			buildSettings = {
				BUNDLE_LOADER = "$(TEST_HOST)";
				CODE_SIGN_STYLE = Automatic;
				CURRENT_PROJECT_VERSION = 1;
				GENERATE_INFOPLIST_FILE = YES;
				IPHONEOS_DEPLOYMENT_TARGET = 18.5;
				MARKETING_VERSION = 1.0;
				PRODUCT_BUNDLE_IDENTIFIER = com.MaCoFo.MaCofoProjectTests;
				PRODUCT_NAME = "$(TARGET_NAME)";
				SWIFT_EMIT_LOC_STRINGS = NO;
				SWIFT_VERSION = 5.0;
				TARGETED_DEVICE_FAMILY = "1,2";
				TEST_HOST = "$(BUILT_PRODUCTS_DIR)/MaCofoProject.app/$(BUNDLE_EXECUTABLE_FOLDER_PATH)/MaCofoProject";
			};
			name = Debug;
		};
		FD79561E2E1271D4002E0D37 /* Release */ = {
			isa = XCBuildConfiguration;
			buildSettings = {
				BUNDLE_LOADER = "$(TEST_HOST)";
				CODE_SIGN_STYLE = Automatic;
				CURRENT_PROJECT_VERSION = 1;
				GENERATE_INFOPLIST_FILE = YES;
				IPHONEOS_DEPLOYMENT_TARGET = 18.5;
				MARKETING_VERSION = 1.0;
				PRODUCT_BUNDLE_IDENTIFIER = com.MaCoFo.MaCofoProjectTests;
				PRODUCT_NAME = "$(TARGET_NAME)";
				SWIFT_EMIT_LOC_STRINGS = NO;
				SWIFT_VERSION = 5.0;
				TARGETED_DEVICE_FAMILY = "1,2";
				TEST_HOST = "$(BUILT_PRODUCTS_DIR)/MaCofoProject.app/$(BUNDLE_EXECUTABLE_FOLDER_PATH)/MaCofoProject";
			};
			name = Release;
		};
		FD7956202E1271D4002E0D37 /* Debug */ = {
			isa = XCBuildConfiguration;
			buildSettings = {
				CODE_SIGN_STYLE = Automatic;
				CURRENT_PROJECT_VERSION = 1;
				GENERATE_INFOPLIST_FILE = YES;
				MARKETING_VERSION = 1.0;
				PRODUCT_BUNDLE_IDENTIFIER = com.MaCoFo.MaCofoProjectUITests;
				PRODUCT_NAME = "$(TARGET_NAME)";
				SWIFT_EMIT_LOC_STRINGS = NO;
				SWIFT_VERSION = 5.0;
				TARGETED_DEVICE_FAMILY = "1,2";
				TEST_TARGET_NAME = MaCofoProject;
			};
			name = Debug;
		};
		FD7956212E1271D4002E0D37 /* Release */ = {
			isa = XCBuildConfiguration;
			buildSettings = {
				CODE_SIGN_STYLE = Automatic;
				CURRENT_PROJECT_VERSION = 1;
				GENERATE_INFOPLIST_FILE = YES;
				MARKETING_VERSION = 1.0;
				PRODUCT_BUNDLE_IDENTIFIER = com.MaCoFo.MaCofoProjectUITests;
				PRODUCT_NAME = "$(TARGET_NAME)";
				SWIFT_EMIT_LOC_STRINGS = NO;
				SWIFT_VERSION = 5.0;
				TARGETED_DEVICE_FAMILY = "1,2";
				TEST_TARGET_NAME = MaCofoProject;
			};
			name = Release;
		};
/* End XCBuildConfiguration section */

/* Begin XCConfigurationList section */
		FD7955F32E1271D3002E0D37 /* Build configuration list for PBXProject "MaCofoProject" */ = {
			isa = XCConfigurationList;
			buildConfigurations = (
				FD7956172E1271D4002E0D37 /* Debug */,
				FD7956182E1271D4002E0D37 /* Release */,
			);
			defaultConfigurationIsVisible = 0;
			defaultConfigurationName = Release;
		};
		FD7956192E1271D4002E0D37 /* Build configuration list for PBXNativeTarget "MaCofoProject" */ = {
			isa = XCConfigurationList;
			buildConfigurations = (
				FD79561A2E1271D4002E0D37 /* Debug */,
				FD79561B2E1271D4002E0D37 /* Release */,
			);
			defaultConfigurationIsVisible = 0;
			defaultConfigurationName = Release;
		};
		FD79561C2E1271D4002E0D37 /* Build configuration list for PBXNativeTarget "MaCofoProjectTests" */ = {
			isa = XCConfigurationList;
			buildConfigurations = (
				FD79561D2E1271D4002E0D37 /* Debug */,
				FD79561E2E1271D4002E0D37 /* Release */,
			);
			defaultConfigurationIsVisible = 0;
			defaultConfigurationName = Release;
		};
		FD79561F2E1271D4002E0D37 /* Build configuration list for PBXNativeTarget "MaCofoProjectUITests" */ = {
			isa = XCConfigurationList;
			buildConfigurations = (
				FD7956202E1271D4002E0D37 /* Debug */,
				FD7956212E1271D4002E0D37 /* Release */,
			);
			defaultConfigurationIsVisible = 0;
			defaultConfigurationName = Release;
		};
/* End XCConfigurationList section */
	};
	rootObject = FD7955F02E1271D3002E0D37 /* Project object */;
}
